<?xml version="1.0" encoding="utf-8"?>
<Project ToolsVersion="4.0" xmlns="http://schemas.microsoft.com/developer/msbuild/2003">
  <ItemGroup>
    <Filter Include="Source Files">
      <UniqueIdentifier>{4FC737F1-C7A5-4376-A066-2A32D752A2FF}</UniqueIdentifier>
      <Extensions>cpp;c;cc;cxx;def;odl;idl;hpj;bat;asm;asmx</Extensions>
    </Filter>
    <Filter Include="Header Files">
      <UniqueIdentifier>{93995380-89BD-4b04-88EB-625FBE52EBFB}</UniqueIdentifier>
      <Extensions>h;hh;hpp;hxx;hm;inl;inc;xsd</Extensions>
    </Filter>
    <Filter Include="Resource Files">
      <UniqueIdentifier>{67DA6AB6-F800-4c08-8B7A-83BB121AAD01}</UniqueIdentifier>
      <Extensions>rc;ico;cur;bmp;dlg;rc2;rct;bin;rgs;gif;jpg;jpeg;jpe;resx;tiff;tif;png;wav;mfcribbon-ms</Extensions>
    </Filter>
    <Filter Include="Form Files">
      <UniqueIdentifier>{99349809-55BA-4b9d-BF79-8FDBB0286EB3}</UniqueIdentifier>
      <Extensions>ui</Extensions>
    </Filter>
    <Filter Include="Resource Files">
      <UniqueIdentifier>{D9D6E242-F8AF-46E4-B9FD-80ECBC20BA3E}</UniqueIdentifier>
      <Extensions>qrc;*</Extensions>
      <ParseFiles>false</ParseFiles>
    </Filter>
    <Filter Include="Source Files\data">
      <UniqueIdentifier>{32184529-c4ba-4f10-b8dd-f6c29d333971}</UniqueIdentifier>
    </Filter>
    <Filter Include="Source Files\io">
      <UniqueIdentifier>{708cbe8e-56b7-4e10-9368-580072c4033c}</UniqueIdentifier>
    </Filter>
    <Filter Include="Source Files\ui">
      <UniqueIdentifier>{76b787ec-165b-4fb3-83ad-d5fb7a21a75b}</UniqueIdentifier>
    </Filter>
    <Filter Include="Header Files\data">
      <UniqueIdentifier>{fb09cf7e-9bce-4b1e-bef2-433d653ed127}</UniqueIdentifier>
    </Filter>
    <Filter Include="Header Files\io">
      <UniqueIdentifier>{034e911e-a6b8-44ed-a740-c43330ee077d}</UniqueIdentifier>
    </Filter>
    <Filter Include="Header Files\misc">
      <UniqueIdentifier>{998ed7a8-8c99-4354-a902-8839211f4699}</UniqueIdentifier>
    </Filter>
    <Filter Include="Header Files\ui">
      <UniqueIdentifier>{c656d600-879a-4983-a444-842faf775909}</UniqueIdentifier>
    </Filter>
  </ItemGroup>
  <ItemGroup>
    <QtUic Include="HackatonASD.ui">
      <Filter>Resource Files</Filter>
    </QtUic>
  </ItemGroup>
  <ItemGroup>
    <ClCompile Include="main.cpp">
      <Filter>Source Files</Filter>
    </ClCompile>
    <ClCompile Include="data\Date.cpp">
      <Filter>Source Files\data</Filter>
    </ClCompile>
    <ClCompile Include="data\Entry.cpp">
      <Filter>Source Files\data</Filter>
    </ClCompile>
    <ClCompile Include="data\Manager.cpp">
      <Filter>Source Files\data</Filter>
    </ClCompile>
    <ClCompile Include="io\EntryIO.cpp">
      <Filter>Source Files\io</Filter>
    </ClCompile>
    <ClCompile Include="io\Logger.cpp">
      <Filter>Source Files\io</Filter>
    </ClCompile>
    <ClCompile Include="ui\HackatonASD.cpp">
      <Filter>Source Files\ui</Filter>
    </ClCompile>
  </ItemGroup>
  <ItemGroup>
    <QtRcc Include="HackatonASD.qrc" />
  </ItemGroup>
  <ItemGroup>
    <ClInclude Include="data\Date.h">
      <Filter>Header Files\data</Filter>
    </ClInclude>
    <ClInclude Include="data\Entry.h">
      <Filter>Header Files\data</Filter>
    </ClInclude>
    <ClInclude Include="data\Manager.h">
      <Filter>Header Files\data</Filter>
    </ClInclude>
    <ClInclude Include="data\SortType.h">
      <Filter>Header Files\data</Filter>
    </ClInclude>
    <ClInclude Include="misc\Quicksort.h">
      <Filter>Header Files\misc</Filter>
    </ClInclude>
    <ClInclude Include="misc\Utils.h">
      <Filter>Header Files\misc</Filter>
    </ClInclude>
    <ClInclude Include="io\EntryIO.h">
      <Filter>Header Files\io</Filter>
    </ClInclude>
    <ClInclude Include="io\Logger.h">
      <Filter>Header Files\io</Filter>
    </ClInclude>
  </ItemGroup>
  <ItemGroup>
    <QtMoc Include="ui\HackatonASD.h">
      <Filter>Header Files\ui</Filter>
    </QtMoc>
  </ItemGroup>
</Project>